// !$*UTF8*$!
{
	archiveVersion = 1;
	classes = {
	};
	objectVersion = 46;
	objects = {

/* Begin PBXBuildFile section */
		7A12C58F1B7DDC31003BA91F /* IndicatorView.m in Sources */ = {isa = PBXBuildFile; fileRef = 7A12C58E1B7DDC31003BA91F /* IndicatorView.m */; };
		7A68D8A31B450433004B77B9 /* LCAnimatedPageControl.m in Sources */ = {isa = PBXBuildFile; fileRef = 7A68D8A01B450433004B77B9 /* LCAnimatedPageControl.m */; };
		7A68D8A41B450433004B77B9 /* ViewController.m in Sources */ = {isa = PBXBuildFile; fileRef = 7A68D8A21B450433004B77B9 /* ViewController.m */; };
		7A7420D91B3149EC00B30BEA /* main.m in Sources */ = {isa = PBXBuildFile; fileRef = 7A7420D81B3149EC00B30BEA /* main.m */; };
		7A7420DC1B3149EC00B30BEA /* AppDelegate.m in Sources */ = {isa = PBXBuildFile; fileRef = 7A7420DB1B3149EC00B30BEA /* AppDelegate.m */; };
		7A7420E21B3149EC00B30BEA /* Main.storyboard in Resources */ = {isa = PBXBuildFile; fileRef = 7A7420E01B3149EC00B30BEA /* Main.storyboard */; };
		7A7420E41B3149EC00B30BEA /* Images.xcassets in Resources */ = {isa = PBXBuildFile; fileRef = 7A7420E31B3149EC00B30BEA /* Images.xcassets */; };
		7A7420E71B3149EC00B30BEA /* LaunchScreen.xib in Resources */ = {isa = PBXBuildFile; fileRef = 7A7420E51B3149EC00B30BEA /* LaunchScreen.xib */; };
		7A7420F31B3149EC00B30BEA /* LCAnimatedPageControlTests.m in Sources */ = {isa = PBXBuildFile; fileRef = 7A7420F21B3149EC00B30BEA /* LCAnimatedPageControlTests.m */; };
/* End PBXBuildFile section */

/* Begin PBXContainerItemProxy section */
		7A7420ED1B3149EC00B30BEA /* PBXContainerItemProxy */ = {
			isa = PBXContainerItemProxy;
			containerPortal = 7A7420CB1B3149EC00B30BEA /* Project object */;
			proxyType = 1;
			remoteGlobalIDString = 7A7420D21B3149EC00B30BEA;
			remoteInfo = LCAnimatedPageControl;
		};
/* End PBXContainerItemProxy section */

/* Begin PBXFileReference section */
		7A12C58D1B7DDC31003BA91F /* IndicatorView.h */ = {isa = PBXFileReference; fileEncoding = 4; lastKnownFileType = sourcecode.c.h; path = IndicatorView.h; sourceTree = "<group>"; };
		7A12C58E1B7DDC31003BA91F /* IndicatorView.m */ = {isa = PBXFileReference; fileEncoding = 4; lastKnownFileType = sourcecode.c.objc; path = IndicatorView.m; sourceTree = "<group>"; };
		7A68D89F1B450433004B77B9 /* LCAnimatedPageControl.h */ = {isa = PBXFileReference; fileEncoding = 4; lastKnownFileType = sourcecode.c.h; path = LCAnimatedPageControl.h; sourceTree = "<group>"; };
		7A68D8A01B450433004B77B9 /* LCAnimatedPageControl.m */ = {isa = PBXFileReference; fileEncoding = 4; lastKnownFileType = sourcecode.c.objc; path = LCAnimatedPageControl.m; sourceTree = "<group>"; };
		7A68D8A11B450433004B77B9 /* ViewController.h */ = {isa = PBXFileReference; fileEncoding = 4; lastKnownFileType = sourcecode.c.h; path = ViewController.h; sourceTree = "<group>"; };
		7A68D8A21B450433004B77B9 /* ViewController.m */ = {isa = PBXFileReference; fileEncoding = 4; lastKnownFileType = sourcecode.c.objc; path = ViewController.m; sourceTree = "<group>"; };
		7A7420D31B3149EC00B30BEA /* LCAnimatedPageControl.app */ = {isa = PBXFileReference; explicitFileType = wrapper.application; includeInIndex = 0; path = LCAnimatedPageControl.app; sourceTree = BUILT_PRODUCTS_DIR; };
		7A7420D71B3149EC00B30BEA /* Info.plist */ = {isa = PBXFileReference; lastKnownFileType = text.plist.xml; path = Info.plist; sourceTree = "<group>"; };
		7A7420D81B3149EC00B30BEA /* main.m */ = {isa = PBXFileReference; lastKnownFileType = sourcecode.c.objc; path = main.m; sourceTree = "<group>"; };
		7A7420DA1B3149EC00B30BEA /* AppDelegate.h */ = {isa = PBXFileReference; lastKnownFileType = sourcecode.c.h; path = AppDelegate.h; sourceTree = "<group>"; };
		7A7420DB1B3149EC00B30BEA /* AppDelegate.m */ = {isa = PBXFileReference; lastKnownFileType = sourcecode.c.objc; path = AppDelegate.m; sourceTree = "<group>"; };
		7A7420E11B3149EC00B30BEA /* Base */ = {isa = PBXFileReference; lastKnownFileType = file.storyboard; name = Base; path = Base.lproj/Main.storyboard; sourceTree = "<group>"; };
		7A7420E31B3149EC00B30BEA /* Images.xcassets */ = {isa = PBXFileReference; lastKnownFileType = folder.assetcatalog; path = Images.xcassets; sourceTree = "<group>"; };
		7A7420E61B3149EC00B30BEA /* Base */ = {isa = PBXFileReference; lastKnownFileType = file.xib; name = Base; path = Base.lproj/LaunchScreen.xib; sourceTree = "<group>"; };
		7A7420EC1B3149EC00B30BEA /* LCAnimatedPageControlTests.xctest */ = {isa = PBXFileReference; explicitFileType = wrapper.cfbundle; includeInIndex = 0; path = LCAnimatedPageControlTests.xctest; sourceTree = BUILT_PRODUCTS_DIR; };
		7A7420F11B3149EC00B30BEA /* Info.plist */ = {isa = PBXFileReference; lastKnownFileType = text.plist.xml; path = Info.plist; sourceTree = "<group>"; };
		7A7420F21B3149EC00B30BEA /* LCAnimatedPageControlTests.m */ = {isa = PBXFileReference; lastKnownFileType = sourcecode.c.objc; path = LCAnimatedPageControlTests.m; sourceTree = "<group>"; };
/* End PBXFileReference section */

/* Begin PBXFrameworksBuildPhase section */
		7A7420D01B3149EC00B30BEA /* Frameworks */ = {
			isa = PBXFrameworksBuildPhase;
			buildActionMask = 2147483647;
			files = (
			);
			runOnlyForDeploymentPostprocessing = 0;
		};
		7A7420E91B3149EC00B30BEA /* Frameworks */ = {
			isa = PBXFrameworksBuildPhase;
			buildActionMask = 2147483647;
			files = (
			);
			runOnlyForDeploymentPostprocessing = 0;
		};
/* End PBXFrameworksBuildPhase section */

/* Begin PBXGroup section */
		7A7420CA1B3149EC00B30BEA = {
			isa = PBXGroup;
			children = (
				7A7420D51B3149EC00B30BEA /* LCAnimatedPageControl */,
				7A7420EF1B3149EC00B30BEA /* LCAnimatedPageControlTests */,
				7A7420D41B3149EC00B30BEA /* Products */,
			);
			sourceTree = "<group>";
		};
		7A7420D41B3149EC00B30BEA /* Products */ = {
			isa = PBXGroup;
			children = (
				7A7420D31B3149EC00B30BEA /* LCAnimatedPageControl.app */,
				7A7420EC1B3149EC00B30BEA /* LCAnimatedPageControlTests.xctest */,
			);
			name = Products;
			sourceTree = "<group>";
		};
		7A7420D51B3149EC00B30BEA /* LCAnimatedPageControl */ = {
			isa = PBXGroup;
			children = (
				7A68D89F1B450433004B77B9 /* LCAnimatedPageControl.h */,
				7A68D8A01B450433004B77B9 /* LCAnimatedPageControl.m */,
				7A12C58D1B7DDC31003BA91F /* IndicatorView.h */,
				7A12C58E1B7DDC31003BA91F /* IndicatorView.m */,
				7A68D8A11B450433004B77B9 /* ViewController.h */,
				7A68D8A21B450433004B77B9 /* ViewController.m */,
				7A7420DA1B3149EC00B30BEA /* AppDelegate.h */,
				7A7420DB1B3149EC00B30BEA /* AppDelegate.m */,
				7A7420E01B3149EC00B30BEA /* Main.storyboard */,
				7A7420E31B3149EC00B30BEA /* Images.xcassets */,
				7A7420E51B3149EC00B30BEA /* LaunchScreen.xib */,
				7A7420D61B3149EC00B30BEA /* Supporting Files */,
			);
			path = LCAnimatedPageControl;
			sourceTree = "<group>";
		};
		7A7420D61B3149EC00B30BEA /* Supporting Files */ = {
			isa = PBXGroup;
			children = (
				7A7420D71B3149EC00B30BEA /* Info.plist */,
				7A7420D81B3149EC00B30BEA /* main.m */,
			);
			name = "Supporting Files";
			sourceTree = "<group>";
		};
		7A7420EF1B3149EC00B30BEA /* LCAnimatedPageControlTests */ = {
			isa = PBXGroup;
			children = (
				7A7420F21B3149EC00B30BEA /* LCAnimatedPageControlTests.m */,
				7A7420F01B3149EC00B30BEA /* Supporting Files */,
			);
			path = LCAnimatedPageControlTests;
			sourceTree = "<group>";
		};
		7A7420F01B3149EC00B30BEA /* Supporting Files */ = {
			isa = PBXGroup;
			children = (
				7A7420F11B3149EC00B30BEA /* Info.plist */,
			);
			name = "Supporting Files";
			sourceTree = "<group>";
		};
/* End PBXGroup section */

/* Begin PBXNativeTarget section */
		7A7420D21B3149EC00B30BEA /* LCAnimatedPageControl */ = {
			isa = PBXNativeTarget;
			buildConfigurationList = 7A7420F61B3149EC00B30BEA /* Build configuration list for PBXNativeTarget "LCAnimatedPageControl" */;
			buildPhases = (
				7A7420CF1B3149EC00B30BEA /* Sources */,
				7A7420D01B3149EC00B30BEA /* Frameworks */,
				7A7420D11B3149EC00B30BEA /* Resources */,
			);
			buildRules = (
			);
			dependencies = (
			);
			name = LCAnimatedPageControl;
			productName = LCAnimatedPageControl;
			productReference = 7A7420D31B3149EC00B30BEA /* LCAnimatedPageControl.app */;
			productType = "com.apple.product-type.application";
		};
		7A7420EB1B3149EC00B30BEA /* LCAnimatedPageControlTests */ = {
			isa = PBXNativeTarget;
			buildConfigurationList = 7A7420F91B3149EC00B30BEA /* Build configuration list for PBXNativeTarget "LCAnimatedPageControlTests" */;
			buildPhases = (
				7A7420E81B3149EC00B30BEA /* Sources */,
				7A7420E91B3149EC00B30BEA /* Frameworks */,
				7A7420EA1B3149EC00B30BEA /* Resources */,
			);
			buildRules = (
			);
			dependencies = (
				7A7420EE1B3149EC00B30BEA /* PBXTargetDependency */,
			);
			name = LCAnimatedPageControlTests;
			productName = LCAnimatedPageControlTests;
			productReference = 7A7420EC1B3149EC00B30BEA /* LCAnimatedPageControlTests.xctest */;
			productType = "com.apple.product-type.bundle.unit-test";
		};
/* End PBXNativeTarget section */

/* Begin PBXProject section */
		7A7420CB1B3149EC00B30BEA /* Project object */ = {
			isa = PBXProject;
			attributes = {
				LastUpgradeCheck = 0630;
				ORGANIZATIONNAME = beike;
				TargetAttributes = {
					7A7420D21B3149EC00B30BEA = {
						CreatedOnToolsVersion = 6.3.2;
					};
					7A7420EB1B3149EC00B30BEA = {
						CreatedOnToolsVersion = 6.3.2;
						TestTargetID = 7A7420D21B3149EC00B30BEA;
					};
				};
			};
			buildConfigurationList = 7A7420CE1B3149EC00B30BEA /* Build configuration list for PBXProject "LCAnimatedPageControl" */;
			compatibilityVersion = "Xcode 3.2";
			developmentRegion = English;
			hasScannedForEncodings = 0;
			knownRegions = (
				en,
				Base,
			);
			mainGroup = 7A7420CA1B3149EC00B30BEA;
			productRefGroup = 7A7420D41B3149EC00B30BEA /* Products */;
			projectDirPath = "";
			projectRoot = "";
			targets = (
				7A7420D21B3149EC00B30BEA /* LCAnimatedPageControl */,
				7A7420EB1B3149EC00B30BEA /* LCAnimatedPageControlTests */,
			);
		};
/* End PBXProject section */

/* Begin PBXResourcesBuildPhase section */
		7A7420D11B3149EC00B30BEA /* Resources */ = {
			isa = PBXResourcesBuildPhase;
			buildActionMask = 2147483647;
			files = (
				7A7420E21B3149EC00B30BEA /* Main.storyboard in Resources */,
				7A7420E71B3149EC00B30BEA /* LaunchScreen.xib in Resources */,
				7A7420E41B3149EC00B30BEA /* Images.xcassets in Resources */,
			);
			runOnlyForDeploymentPostprocessing = 0;
		};
		7A7420EA1B3149EC00B30BEA /* Resources */ = {
			isa = PBXResourcesBuildPhase;
			buildActionMask = 2147483647;
			files = (
			);
			runOnlyForDeploymentPostprocessing = 0;
		};
/* End PBXResourcesBuildPhase section */

/* Begin PBXSourcesBuildPhase section */
		7A7420CF1B3149EC00B30BEA /* Sources */ = {
			isa = PBXSourcesBuildPhase;
			buildActionMask = 2147483647;
			files = (
				7A12C58F1B7DDC31003BA91F /* IndicatorView.m in Sources */,
				7A7420DC1B3149EC00B30BEA /* AppDelegate.m in Sources */,
				7A68D8A31B450433004B77B9 /* LCAnimatedPageControl.m in Sources */,
				7A68D8A41B450433004B77B9 /* ViewController.m in Sources */,
				7A7420D91B3149EC00B30BEA /* main.m in Sources */,
			);
			runOnlyForDeploymentPostprocessing = 0;
		};
		7A7420E81B3149EC00B30BEA /* Sources */ = {
			isa = PBXSourcesBuildPhase;
			buildActionMask = 2147483647;
			files = (
				7A7420F31B3149EC00B30BEA /* LCAnimatedPageControlTests.m in Sources */,
			);
			runOnlyForDeploymentPostprocessing = 0;
		};
/* End PBXSourcesBuildPhase section */

/* Begin PBXTargetDependency section */
		7A7420EE1B3149EC00B30BEA /* PBXTargetDependency */ = {
			isa = PBXTargetDependency;
			target = 7A7420D21B3149EC00B30BEA /* LCAnimatedPageControl */;
			targetProxy = 7A7420ED1B3149EC00B30BEA /* PBXContainerItemProxy */;
		};
/* End PBXTargetDependency section */

/* Begin PBXVariantGroup section */
		7A7420E01B3149EC00B30BEA /* Main.storyboard */ = {
			isa = PBXVariantGroup;
			children = (
				7A7420E11B3149EC00B30BEA /* Base */,
			);
			name = Main.storyboard;
			sourceTree = "<group>";
		};
		7A7420E51B3149EC00B30BEA /* LaunchScreen.xib */ = {
			isa = PBXVariantGroup;
			children = (
				7A7420E61B3149EC00B30BEA /* Base */,
			);
			name = LaunchScreen.xib;
			sourceTree = "<group>";
		};
/* End PBXVariantGroup section */

/* Begin XCBuildConfiguration section */
		7A7420F41B3149EC00B30BEA /* Debug */ = {
			isa = XCBuildConfiguration;
			buildSettings = {
				ALWAYS_SEARCH_USER_PATHS = NO;
				CLANG_CXX_LANGUAGE_STANDARD = "gnu++0x";
				CLANG_CXX_LIBRARY = "libc++";
				CLANG_ENABLE_MODULES = YES;
				CLANG_ENABLE_OBJC_ARC = YES;
				CLANG_WARN_BOOL_CONVERSION = YES;
				CLANG_WARN_CONSTANT_CONVERSION = YES;
				CLANG_WARN_DIRECT_OBJC_ISA_USAGE = YES_ERROR;
				CLANG_WARN_EMPTY_BODY = YES;
				CLANG_WARN_ENUM_CONVERSION = YES;
				CLANG_WARN_INT_CONVERSION = YES;
				CLANG_WARN_OBJC_ROOT_CLASS = YES_ERROR;
				CLANG_WARN_UNREACHABLE_CODE = YES;
				CLANG_WARN__DUPLICATE_METHOD_MATCH = YES;
				"CODE_SIGN_IDENTITY[sdk=iphoneos*]" = "iPhone Developer";
				COPY_PHASE_STRIP = NO;
				DEBUG_INFORMATION_FORMAT = "dwarf-with-dsym";
				ENABLE_STRICT_OBJC_MSGSEND = YES;
				GCC_C_LANGUAGE_STANDARD = gnu99;
				GCC_DYNAMIC_NO_PIC = NO;
				GCC_NO_COMMON_BLOCKS = YES;
				GCC_OPTIMIZATION_LEVEL = 0;
				GCC_PREPROCESSOR_DEFINITIONS = (
					"DEBUG=1",
					"$(inherited)",
				);
				GCC_SYMBOLS_PRIVATE_EXTERN = NO;
				GCC_WARN_64_TO_32_BIT_CONVERSION = YES;
				GCC_WARN_ABOUT_RETURN_TYPE = YES_ERROR;
				GCC_WARN_UNDECLARED_SELECTOR = YES;
				GCC_WARN_UNINITIALIZED_AUTOS = YES_AGGRESSIVE;
				GCC_WARN_UNUSED_FUNCTION = YES;
				GCC_WARN_UNUSED_VARIABLE = YES;
				IPHONEOS_DEPLOYMENT_TARGET = 8.3;
				MTL_ENABLE_DEBUG_INFO = YES;
				ONLY_ACTIVE_ARCH = YES;
				SDKROOT = iphoneos;
			};
			name = Debug;
		};
		7A7420F51B3149EC00B30BEA /* Release */ = {
			isa = XCBuildConfiguration;
			buildSettings = {
				ALWAYS_SEARCH_USER_PATHS = NO;
				CLANG_CXX_LANGUAGE_STANDARD = "gnu++0x";
				CLANG_CXX_LIBRARY = "libc++";
				CLANG_ENABLE_MODULES = YES;
				CLANG_ENABLE_OBJC_ARC = YES;
				CLANG_WARN_BOOL_CONVERSION = YES;
				CLANG_WARN_CONSTANT_CONVERSION = YES;
				CLANG_WARN_DIRECT_OBJC_ISA_USAGE = YES_ERROR;
				CLANG_WARN_EMPTY_BODY = YES;
				CLANG_WARN_ENUM_CONVERSION = YES;
				CLANG_WARN_INT_CONVERSION = YES;
				CLANG_WARN_OBJC_ROOT_CLASS = YES_ERROR;
				CLANG_WARN_UNREACHABLE_CODE = YES;
				CLANG_WARN__DUPLICATE_METHOD_MATCH = YES;
				"CODE_SIGN_IDENTITY[sdk=iphoneos*]" = "iPhone Developer";
				COPY_PHASE_STRIP = NO;
				DEBUG_INFORMATION_FORMAT = "dwarf-with-dsym";
				ENABLE_NS_ASSERTIONS = NO;
				ENABLE_STRICT_OBJC_MSGSEND = YES;
				GCC_C_LANGUAGE_STANDARD = gnu99;
				GCC_NO_COMMON_BLOCKS = YES;
				GCC_WARN_64_TO_32_BIT_CONVERSION = YES;
				GCC_WARN_ABOUT_RETURN_TYPE = YES_ERROR;
				GCC_WARN_UNDECLARED_SELECTOR = YES;
				GCC_WARN_UNINITIALIZED_AUTOS = YES_AGGRESSIVE;
				GCC_WARN_UNUSED_FUNCTION = YES;
				GCC_WARN_UNUSED_VARIABLE = YES;
				IPHONEOS_DEPLOYMENT_TARGET = 8.3;
				MTL_ENABLE_DEBUG_INFO = NO;
				SDKROOT = iphoneos;
				VALIDATE_PRODUCT = YES;
			};
			name = Release;
		};
		7A7420F71B3149EC00B30BEA /* Debug */ = {
			isa = XCBuildConfiguration;
			buildSettings = {
				ASSETCATALOG_COMPILER_APPICON_NAME = AppIcon;
				INFOPLIST_FILE = LCAnimatedPageControl/Info.plist;
				IPHONEOS_DEPLOYMENT_TARGET = 7.0;
				LD_RUNPATH_SEARCH_PATHS = "$(inherited) @executable_path/Frameworks";
				PRODUCT_NAME = "$(TARGET_NAME)";
			};
			name = Debug;
		};
		7A7420F81B3149EC00B30BEA /* Release */ = {
			isa = XCBuildConfiguration;
			buildSettings = {
				ASSETCATALOG_COMPILER_APPICON_NAME = AppIcon;
				INFOPLIST_FILE = LCAnimatedPageControl/Info.plist;
				IPHONEOS_DEPLOYMENT_TARGET = 7.0;
				LD_RUNPATH_SEARCH_PATHS = "$(inherited) @executable_path/Frameworks";
				PRODUCT_NAME = "$(TARGET_NAME)";
			};
			name = Release;
		};
		7A7420FA1B3149EC00B30BEA /* Debug */ = {
			isa = XCBuildConfiguration;
			buildSettings = {
				BUNDLE_LOADER = "$(TEST_HOST)";
				FRAMEWORK_SEARCH_PATHS = (
					"$(SDKROOT)/Developer/Library/Frameworks",
					"$(inherited)",
				);
				GCC_PREPROCESSOR_DEFINITIONS = (
					"DEBUG=1",
					"$(inherited)",
				);
				INFOPLIST_FILE = LCAnimatedPageControlTests/Info.plist;
				LD_RUNPATH_SEARCH_PATHS = "$(inherited) @executable_path/Frameworks @loader_path/Frameworks";
				PRODUCT_NAME = "$(TARGET_NAME)";
				TEST_HOST = "$(BUILT_PRODUCTS_DIR)/LCAnimatedPageControl.app/LCAnimatedPageControl";
			};
			name = Debug;
		};
		7A7420FB1B3149EC00B30BEA /* Release */ = {
			isa = XCBuildConfiguration;
			buildSettings = {
				BUNDLE_LOADER = "$(TEST_HOST)";
				FRAMEWORK_SEARCH_PATHS = (
					"$(SDKROOT)/Developer/Library/Frameworks",
					"$(inherited)",
				);
				INFOPLIST_FILE = LCAnimatedPageControlTests/Info.plist;
				LD_RUNPATH_SEARCH_PATHS = "$(inherited) @executable_path/Frameworks @loader_path/Frameworks";
				PRODUCT_NAME = "$(TARGET_NAME)";
				TEST_HOST = "$(BUILT_PRODUCTS_DIR)/LCAnimatedPageControl.app/LCAnimatedPageControl";
			};
			name = Release;
		};
/* End XCBuildConfiguration section */

/* Begin XCConfigurationList section */
		7A7420CE1B3149EC00B30BEA /* Build configuration list for PBXProject "LCAnimatedPageControl" */ = {
			isa = XCConfigurationList;
			buildConfigurations = (
				7A7420F41B3149EC00B30BEA /* Debug */,
				7A7420F51B3149EC00B30BEA /* Release */,
			);
			defaultConfigurationIsVisible = 0;
			defaultConfigurationName = Release;
		};
		7A7420F61B3149EC00B30BEA /* Build configuration list for PBXNativeTarget "LCAnimatedPageControl" */ = {
			isa = XCConfigurationList;
			buildConfigurations = (
				7A7420F71B3149EC00B30BEA /* Debug */,
				7A7420F81B3149EC00B30BEA /* Release */,
			);
			defaultConfigurationIsVisible = 0;
			defaultConfigurationName = Release;
		};
		7A7420F91B3149EC00B30BEA /* Build configuration list for PBXNativeTarget "LCAnimatedPageControlTests" */ = {
			isa = XCConfigurationList;
			buildConfigurations = (
				7A7420FA1B3149EC00B30BEA /* Debug */,
				7A7420FB1B3149EC00B30BEA /* Release */,
			);
			defaultConfigurationIsVisible = 0;
			defaultConfigurationName = Release;
		};
/* End XCConfigurationList section */
	};
	rootObject = 7A7420CB1B3149EC00B30BEA /* Project object */;
}
